version = 1
revision = 3
requires-python = ">=3.12"

[[package]]
name = "diary"
version = "0.1.0"
source = { virtual = "." }
dependencies = [
    { name = "markdown" },
]

[package.metadata]
requires-dist = [{ name = "markdown", specifier = ">=3.10.1" }]

[[package]]
name = "markdown"
version = "3.10.1"
source = { registry = "https://pypi.org/simple" }
sdist = { url = "https://files.pythonhosted.org/packages/b7/b1/af95bcae8549f1f3fd70faacb29075826a0d689a27f232e8cee315efa053/markdown-3.10.1.tar.gz", hash = "sha256:1c19c10bd5c14ac948c53d0d762a04e2fa35a6d58a6b7b1e6bfcbe6fefc0001a", size = 365402, upload-time = "2026-01-21T18:09:28.206Z" }
wheels = [
    { url = "https://files.pythonhosted.org/packages/59/1b/6ef961f543593969d25b2afe57a3564200280528caa9bd1082eecdd7b3bc/markdown-3.10.1-py3-none-any.whl", hash = "sha256:867d788939fe33e4b736426f5b9f651ad0c0ae0ecf89df0ca5d1176c70812fe3", size = 107684, upload-time = "2026-01-21T18:09:27.203Z" },
]
